
Microsoft Visual Studio Solution File, Format Version 12.00
# Visual Studio Version 17
VisualStudioVersion = 17.13.35806.99 d17.13
MinimumVisualStudioVersion = 10.0.40219.1
Project("{FAE04EC0-301F-11D3-BF4B-00C04F79EFBC}") = "LABka4-5", "LABka4-5\LABka4-5.csproj", "{230AAC30-5C91-4C4B-B44E-B2B1C94AAED7}"
EndProject
Global
	GlobalSection(SolutionConfigurationPlatforms) = preSolution
		Debug|Any CPU = Debug|Any CPU
		Release|Any CPU = Release|Any CPU
	EndGlobalSection
	GlobalSection(ProjectConfigurationPlatforms) = postSolution
		{230AAC30-5C91-4C4B-B44E-B2B1C94AAED7}.Debug|Any CPU.ActiveCfg = Debug|Any CPU
		{230AAC30-5C91-4C4B-B44E-B2B1C94AAED7}.Debug|Any CPU.Build.0 = Debug|Any CPU
		{230AAC30-5C91-4C4B-B44E-B2B1C94AAED7}.Release|Any CPU.ActiveCfg = Release|Any CPU
		{230AAC30-5C91-4C4B-B44E-B2B1C94AAED7}.Release|Any CPU.Build.0 = Release|Any CPU
	EndGlobalSection
	GlobalSection(SolutionProperties) = preSolution
		HideSolutionNode = FALSE
	EndGlobalSection
	GlobalSection(ExtensibilityGlobals) = postSolution
		SolutionGuid = {ED2DB888-1716-4566-B74E-4FC3D38F3751}
	EndGlobalSection
EndGlobal
