
Microsoft Visual Studio Solution File, Format Version 12.00
# Visual Studio Version 17
VisualStudioVersion = 17.7.34024.191
MinimumVisualStudioVersion = 10.0.40219.1
Project("{8BC9CEB8-8B4A-11D0-8D11-00A0C91BC942}") = "AAM2024", "AAM2024\AAM2024.vcxproj", "{D0C64967-31C8-41D1-80B0-1F14E37ED162}"
EndProject
Project("{8BC9CEB8-8B4A-11D0-8D11-00A0C91BC942}") = "ASM", "ASM\ASM.vcxproj", "{45B925C0-161C-45EE-AF04-BA5012DE7223}"
EndProject
Project("{8BC9CEB8-8B4A-11D0-8D11-00A0C91BC942}") = "STDLIB", "STDLIB\STDLIB.vcxproj", "{092FC821-6AA7-4BEB-B0B2-95CB1D6F12B4}"
EndProject
Global
	GlobalSection(SolutionConfigurationPlatforms) = preSolution
		Debug|x64 = Debug|x64
		Debug|x86 = Debug|x86
		Release|x64 = Release|x64
		Release|x86 = Release|x86
	EndGlobalSection
	GlobalSection(ProjectConfigurationPlatforms) = postSolution
		{D0C64967-31C8-41D1-80B0-1F14E37ED162}.Debug|x64.ActiveCfg = Debug|x64
		{D0C64967-31C8-41D1-80B0-1F14E37ED162}.Debug|x64.Build.0 = Debug|x64
		{D0C64967-31C8-41D1-80B0-1F14E37ED162}.Debug|x86.ActiveCfg = Debug|Win32
		{D0C64967-31C8-41D1-80B0-1F14E37ED162}.Debug|x86.Build.0 = Debug|Win32
		{D0C64967-31C8-41D1-80B0-1F14E37ED162}.Release|x64.ActiveCfg = Release|x64
		{D0C64967-31C8-41D1-80B0-1F14E37ED162}.Release|x64.Build.0 = Release|x64
		{D0C64967-31C8-41D1-80B0-1F14E37ED162}.Release|x86.ActiveCfg = Release|Win32
		{D0C64967-31C8-41D1-80B0-1F14E37ED162}.Release|x86.Build.0 = Release|Win32
		{45B925C0-161C-45EE-AF04-BA5012DE7223}.Debug|x64.ActiveCfg = Debug|x64
		{45B925C0-161C-45EE-AF04-BA5012DE7223}.Debug|x64.Build.0 = Debug|x64
		{45B925C0-161C-45EE-AF04-BA5012DE7223}.Debug|x86.ActiveCfg = Debug|Win32
		{45B925C0-161C-45EE-AF04-BA5012DE7223}.Debug|x86.Build.0 = Debug|Win32
		{45B925C0-161C-45EE-AF04-BA5012DE7223}.Release|x64.ActiveCfg = Release|x64
		{45B925C0-161C-45EE-AF04-BA5012DE7223}.Release|x64.Build.0 = Release|x64
		{45B925C0-161C-45EE-AF04-BA5012DE7223}.Release|x86.ActiveCfg = Release|Win32
		{45B925C0-161C-45EE-AF04-BA5012DE7223}.Release|x86.Build.0 = Release|Win32
		{092FC821-6AA7-4BEB-B0B2-95CB1D6F12B4}.Debug|x64.ActiveCfg = Debug|x64
		{092FC821-6AA7-4BEB-B0B2-95CB1D6F12B4}.Debug|x64.Build.0 = Debug|x64
		{092FC821-6AA7-4BEB-B0B2-95CB1D6F12B4}.Debug|x86.ActiveCfg = Debug|Win32
		{092FC821-6AA7-4BEB-B0B2-95CB1D6F12B4}.Debug|x86.Build.0 = Debug|Win32
		{092FC821-6AA7-4BEB-B0B2-95CB1D6F12B4}.Release|x64.ActiveCfg = Release|x64
		{092FC821-6AA7-4BEB-B0B2-95CB1D6F12B4}.Release|x64.Build.0 = Release|x64
		{092FC821-6AA7-4BEB-B0B2-95CB1D6F12B4}.Release|x86.ActiveCfg = Release|Win32
		{092FC821-6AA7-4BEB-B0B2-95CB1D6F12B4}.Release|x86.Build.0 = Release|Win32
	EndGlobalSection
	GlobalSection(SolutionProperties) = preSolution
		HideSolutionNode = FALSE
	EndGlobalSection
	GlobalSection(ExtensibilityGlobals) = postSolution
		SolutionGuid = {884F24F6-3C7F-4741-AD11-0EE562AAD460}
	EndGlobalSection
EndGlobal
